
Microsoft Visual Studio Solution File, Format Version 12.00
# Visual Studio Version 16
VisualStudioVersion = 16.0.30503.244
MinimumVisualStudioVersion = 10.0.40219.1
Project("{FAE04EC0-301F-11D3-BF4B-00C04F79EFBC}") = "Lecture6Lab1", "Lecture6Lab1\Lecture6Lab1.csproj", "{4A0E8168-3A78-4FDC-B6CA-54A45F70991E}"
EndProject
Project("{FAE04EC0-301F-11D3-BF4B-00C04F79EFBC}") = "Lecture6Lab2", "Lecture6Lab2\Lecture6Lab2.csproj", "{2BAF8F7A-B61F-4C55-BA63-7DFB0437FC04}"
EndProject
Global
	GlobalSection(SolutionConfigurationPlatforms) = preSolution
		Debug|Any CPU = Debug|Any CPU
		Release|Any CPU = Release|Any CPU
	EndGlobalSection
	GlobalSection(ProjectConfigurationPlatforms) = postSolution
		{4A0E8168-3A78-4FDC-B6CA-54A45F70991E}.Debug|Any CPU.ActiveCfg = Debug|Any CPU
		{4A0E8168-3A78-4FDC-B6CA-54A45F70991E}.Debug|Any CPU.Build.0 = Debug|Any CPU
		{4A0E8168-3A78-4FDC-B6CA-54A45F70991E}.Release|Any CPU.ActiveCfg = Release|Any CPU
		{4A0E8168-3A78-4FDC-B6CA-54A45F70991E}.Release|Any CPU.Build.0 = Release|Any CPU
		{2BAF8F7A-B61F-4C55-BA63-7DFB0437FC04}.Debug|Any CPU.ActiveCfg = Debug|Any CPU
		{2BAF8F7A-B61F-4C55-BA63-7DFB0437FC04}.Debug|Any CPU.Build.0 = Debug|Any CPU
		{2BAF8F7A-B61F-4C55-BA63-7DFB0437FC04}.Release|Any CPU.ActiveCfg = Release|Any CPU
		{2BAF8F7A-B61F-4C55-BA63-7DFB0437FC04}.Release|Any CPU.Build.0 = Release|Any CPU
	EndGlobalSection
	GlobalSection(SolutionProperties) = preSolution
		HideSolutionNode = FALSE
	EndGlobalSection
	GlobalSection(ExtensibilityGlobals) = postSolution
		SolutionGuid = {707F6E1C-AD16-499E-B517-C2537C1908F3}
	EndGlobalSection
EndGlobal
